
Microsoft Visual Studio Solution File, Format Version 12.00
# Visual Studio Version 16
VisualStudioVersion = 16.0.32126.315
MinimumVisualStudioVersion = 10.0.40219.1
Project("{FAE04EC0-301F-11D3-BF4B-00C04F79EFBC}") = "DG Engineering", "DG Engineering\DG Engineering.csproj", "{EAFFCA2D-1ED3-4241-9B97-6D67BEE64F5F}"
EndProject
Project("{840C416C-B8F3-42BC-B0DD-F6BB14C9F8CB}") = "DG Engineering Automation", "Installer\DG Engineering Automation\DG Engineering Automation.aiproj", "{CDA12107-C749-4977-A3B1-63972E13BC1C}"
EndProject
Global
	GlobalSection(SolutionConfigurationPlatforms) = preSolution
		All|Any CPU = All|Any CPU
		All|x86 = All|x86
		Debug|Any CPU = Debug|Any CPU
		Debug|x86 = Debug|x86
		Release|Any CPU = Release|Any CPU
		Release|x86 = Release|x86
	EndGlobalSection
	GlobalSection(ProjectConfigurationPlatforms) = postSolution
		{EAFFCA2D-1ED3-4241-9B97-6D67BEE64F5F}.All|Any CPU.ActiveCfg = Release|Any CPU
		{EAFFCA2D-1ED3-4241-9B97-6D67BEE64F5F}.All|Any CPU.Build.0 = Release|Any CPU
		{EAFFCA2D-1ED3-4241-9B97-6D67BEE64F5F}.All|x86.ActiveCfg = Release|Win32
		{EAFFCA2D-1ED3-4241-9B97-6D67BEE64F5F}.All|x86.Build.0 = Release|Win32
		{EAFFCA2D-1ED3-4241-9B97-6D67BEE64F5F}.Debug|Any CPU.ActiveCfg = Debug|Any CPU
		{EAFFCA2D-1ED3-4241-9B97-6D67BEE64F5F}.Debug|Any CPU.Build.0 = Debug|Any CPU
		{EAFFCA2D-1ED3-4241-9B97-6D67BEE64F5F}.Debug|x86.ActiveCfg = Debug|Win32
		{EAFFCA2D-1ED3-4241-9B97-6D67BEE64F5F}.Debug|x86.Build.0 = Debug|Win32
		{EAFFCA2D-1ED3-4241-9B97-6D67BEE64F5F}.Release|Any CPU.ActiveCfg = Release|Any CPU
		{EAFFCA2D-1ED3-4241-9B97-6D67BEE64F5F}.Release|Any CPU.Build.0 = Release|Any CPU
		{EAFFCA2D-1ED3-4241-9B97-6D67BEE64F5F}.Release|x86.ActiveCfg = Release|Win32
		{EAFFCA2D-1ED3-4241-9B97-6D67BEE64F5F}.Release|x86.Build.0 = Release|Win32
		{CDA12107-C749-4977-A3B1-63972E13BC1C}.All|Any CPU.ActiveCfg = DefaultBuild
		{CDA12107-C749-4977-A3B1-63972E13BC1C}.All|Any CPU.Build.0 = DefaultBuild
		{CDA12107-C749-4977-A3B1-63972E13BC1C}.All|x86.ActiveCfg = DefaultBuild
		{CDA12107-C749-4977-A3B1-63972E13BC1C}.All|x86.Build.0 = DefaultBuild
		{CDA12107-C749-4977-A3B1-63972E13BC1C}.Debug|Any CPU.ActiveCfg = DefaultBuild
		{CDA12107-C749-4977-A3B1-63972E13BC1C}.Debug|Any CPU.Build.0 = DefaultBuild
		{CDA12107-C749-4977-A3B1-63972E13BC1C}.Debug|x86.ActiveCfg = DefaultBuild
		{CDA12107-C749-4977-A3B1-63972E13BC1C}.Debug|x86.Build.0 = DefaultBuild
		{CDA12107-C749-4977-A3B1-63972E13BC1C}.Release|Any CPU.ActiveCfg = DefaultBuild
		{CDA12107-C749-4977-A3B1-63972E13BC1C}.Release|Any CPU.Build.0 = DefaultBuild
		{CDA12107-C749-4977-A3B1-63972E13BC1C}.Release|x86.ActiveCfg = DefaultBuild
		{CDA12107-C749-4977-A3B1-63972E13BC1C}.Release|x86.Build.0 = DefaultBuild
	EndGlobalSection
	GlobalSection(SolutionProperties) = preSolution
		HideSolutionNode = FALSE
	EndGlobalSection
	GlobalSection(ExtensibilityGlobals) = postSolution
		SolutionGuid = {53156EE6-2A94-4C91-A951-8D670E065665}
	EndGlobalSection
EndGlobal
